
Microsoft Visual Studio Solution File, Format Version 12.00
# Visual Studio 14
VisualStudioVersion = 14.0.25420.1
MinimumVisualStudioVersion = 10.0.40219.1
Project("{FAE04EC0-301F-11D3-BF4B-00C04F79EFBC}") = "MarvelBot", "MarvelBot.csproj", "{A8BA1066-5695-4D71-ABB4-65E5A5E0C3D4}"
EndProject
Project("{2150E333-8FDC-42A3-9474-1A3956D46DE8}") = "Libraries", "Libraries", "{34334B20-5E61-4DFE-8C68-27C01683AF75}"
EndProject
Project("{FAE04EC0-301F-11D3-BF4B-00C04F79EFBC}") = "MarvelLibrary", "..\Libraries\MarvelLibrary\MarvelLibrary.csproj", "{D597E463-C61F-4C0B-8F4E-6A07896C11F4}"
EndProject
Project("{2150E333-8FDC-42A3-9474-1A3956D46DE8}") = "Tests", "Tests", "{D631BE5E-F273-4485-A836-59B3141454E0}"
EndProject
Project("{8BB2217D-0F2D-49D1-97BC-3654ED321F3B}") = "MarvelConsole", "..\MarvelConsole\MarvelConsole.xproj", "{42689CC2-4490-424F-8F25-485DD5CA15F0}"
EndProject
Project("{FAE04EC0-301F-11D3-BF4B-00C04F79EFBC}") = "SimpleMarvelBot", "..\SimpleMarvelBot\SimpleMarvelBot.csproj", "{AA1DD47D-FE43-48FA-93C0-90DDEB18B2EF}"
EndProject
Global
	GlobalSection(SolutionConfigurationPlatforms) = preSolution
		Debug|Any CPU = Debug|Any CPU
		Debug|ARM = Debug|ARM
		Debug|x64 = Debug|x64
		Debug|x86 = Debug|x86
		Release|Any CPU = Release|Any CPU
		Release|ARM = Release|ARM
		Release|x64 = Release|x64
		Release|x86 = Release|x86
	EndGlobalSection
	GlobalSection(ProjectConfigurationPlatforms) = postSolution
		{A8BA1066-5695-4D71-ABB4-65E5A5E0C3D4}.Debug|Any CPU.ActiveCfg = Debug|Any CPU
		{A8BA1066-5695-4D71-ABB4-65E5A5E0C3D4}.Debug|Any CPU.Build.0 = Debug|Any CPU
		{A8BA1066-5695-4D71-ABB4-65E5A5E0C3D4}.Debug|ARM.ActiveCfg = Debug|Any CPU
		{A8BA1066-5695-4D71-ABB4-65E5A5E0C3D4}.Debug|ARM.Build.0 = Debug|Any CPU
		{A8BA1066-5695-4D71-ABB4-65E5A5E0C3D4}.Debug|x64.ActiveCfg = Debug|Any CPU
		{A8BA1066-5695-4D71-ABB4-65E5A5E0C3D4}.Debug|x64.Build.0 = Debug|Any CPU
		{A8BA1066-5695-4D71-ABB4-65E5A5E0C3D4}.Debug|x86.ActiveCfg = Debug|Any CPU
		{A8BA1066-5695-4D71-ABB4-65E5A5E0C3D4}.Debug|x86.Build.0 = Debug|Any CPU
		{A8BA1066-5695-4D71-ABB4-65E5A5E0C3D4}.Release|Any CPU.ActiveCfg = Release|Any CPU
		{A8BA1066-5695-4D71-ABB4-65E5A5E0C3D4}.Release|Any CPU.Build.0 = Release|Any CPU
		{A8BA1066-5695-4D71-ABB4-65E5A5E0C3D4}.Release|ARM.ActiveCfg = Release|Any CPU
		{A8BA1066-5695-4D71-ABB4-65E5A5E0C3D4}.Release|ARM.Build.0 = Release|Any CPU
		{A8BA1066-5695-4D71-ABB4-65E5A5E0C3D4}.Release|x64.ActiveCfg = Release|Any CPU
		{A8BA1066-5695-4D71-ABB4-65E5A5E0C3D4}.Release|x64.Build.0 = Release|Any CPU
		{A8BA1066-5695-4D71-ABB4-65E5A5E0C3D4}.Release|x86.ActiveCfg = Release|Any CPU
		{A8BA1066-5695-4D71-ABB4-65E5A5E0C3D4}.Release|x86.Build.0 = Release|Any CPU
		{D597E463-C61F-4C0B-8F4E-6A07896C11F4}.Debug|Any CPU.ActiveCfg = Debug|Any CPU
		{D597E463-C61F-4C0B-8F4E-6A07896C11F4}.Debug|Any CPU.Build.0 = Debug|Any CPU
		{D597E463-C61F-4C0B-8F4E-6A07896C11F4}.Debug|ARM.ActiveCfg = Debug|Any CPU
		{D597E463-C61F-4C0B-8F4E-6A07896C11F4}.Debug|ARM.Build.0 = Debug|Any CPU
		{D597E463-C61F-4C0B-8F4E-6A07896C11F4}.Debug|x64.ActiveCfg = Debug|Any CPU
		{D597E463-C61F-4C0B-8F4E-6A07896C11F4}.Debug|x64.Build.0 = Debug|Any CPU
		{D597E463-C61F-4C0B-8F4E-6A07896C11F4}.Debug|x86.ActiveCfg = Debug|Any CPU
		{D597E463-C61F-4C0B-8F4E-6A07896C11F4}.Debug|x86.Build.0 = Debug|Any CPU
		{D597E463-C61F-4C0B-8F4E-6A07896C11F4}.Release|Any CPU.ActiveCfg = Release|Any CPU
		{D597E463-C61F-4C0B-8F4E-6A07896C11F4}.Release|Any CPU.Build.0 = Release|Any CPU
		{D597E463-C61F-4C0B-8F4E-6A07896C11F4}.Release|ARM.ActiveCfg = Release|Any CPU
		{D597E463-C61F-4C0B-8F4E-6A07896C11F4}.Release|ARM.Build.0 = Release|Any CPU
		{D597E463-C61F-4C0B-8F4E-6A07896C11F4}.Release|x64.ActiveCfg = Release|Any CPU
		{D597E463-C61F-4C0B-8F4E-6A07896C11F4}.Release|x64.Build.0 = Release|Any CPU
		{D597E463-C61F-4C0B-8F4E-6A07896C11F4}.Release|x86.ActiveCfg = Release|Any CPU
		{D597E463-C61F-4C0B-8F4E-6A07896C11F4}.Release|x86.Build.0 = Release|Any CPU
		{42689CC2-4490-424F-8F25-485DD5CA15F0}.Debug|Any CPU.ActiveCfg = Debug|Any CPU
		{42689CC2-4490-424F-8F25-485DD5CA15F0}.Debug|Any CPU.Build.0 = Debug|Any CPU
		{42689CC2-4490-424F-8F25-485DD5CA15F0}.Debug|ARM.ActiveCfg = Debug|Any CPU
		{42689CC2-4490-424F-8F25-485DD5CA15F0}.Debug|ARM.Build.0 = Debug|Any CPU
		{42689CC2-4490-424F-8F25-485DD5CA15F0}.Debug|x64.ActiveCfg = Debug|Any CPU
		{42689CC2-4490-424F-8F25-485DD5CA15F0}.Debug|x64.Build.0 = Debug|Any CPU
		{42689CC2-4490-424F-8F25-485DD5CA15F0}.Debug|x86.ActiveCfg = Debug|Any CPU
		{42689CC2-4490-424F-8F25-485DD5CA15F0}.Debug|x86.Build.0 = Debug|Any CPU
		{42689CC2-4490-424F-8F25-485DD5CA15F0}.Release|Any CPU.ActiveCfg = Release|Any CPU
		{42689CC2-4490-424F-8F25-485DD5CA15F0}.Release|Any CPU.Build.0 = Release|Any CPU
		{42689CC2-4490-424F-8F25-485DD5CA15F0}.Release|ARM.ActiveCfg = Release|Any CPU
		{42689CC2-4490-424F-8F25-485DD5CA15F0}.Release|ARM.Build.0 = Release|Any CPU
		{42689CC2-4490-424F-8F25-485DD5CA15F0}.Release|x64.ActiveCfg = Release|Any CPU
		{42689CC2-4490-424F-8F25-485DD5CA15F0}.Release|x64.Build.0 = Release|Any CPU
		{42689CC2-4490-424F-8F25-485DD5CA15F0}.Release|x86.ActiveCfg = Release|Any CPU
		{42689CC2-4490-424F-8F25-485DD5CA15F0}.Release|x86.Build.0 = Release|Any CPU
		{AA1DD47D-FE43-48FA-93C0-90DDEB18B2EF}.Debug|Any CPU.ActiveCfg = Debug|Any CPU
		{AA1DD47D-FE43-48FA-93C0-90DDEB18B2EF}.Debug|Any CPU.Build.0 = Debug|Any CPU
		{AA1DD47D-FE43-48FA-93C0-90DDEB18B2EF}.Debug|ARM.ActiveCfg = Debug|Any CPU
		{AA1DD47D-FE43-48FA-93C0-90DDEB18B2EF}.Debug|ARM.Build.0 = Debug|Any CPU
		{AA1DD47D-FE43-48FA-93C0-90DDEB18B2EF}.Debug|x64.ActiveCfg = Debug|Any CPU
		{AA1DD47D-FE43-48FA-93C0-90DDEB18B2EF}.Debug|x64.Build.0 = Debug|Any CPU
		{AA1DD47D-FE43-48FA-93C0-90DDEB18B2EF}.Debug|x86.ActiveCfg = Debug|Any CPU
		{AA1DD47D-FE43-48FA-93C0-90DDEB18B2EF}.Debug|x86.Build.0 = Debug|Any CPU
		{AA1DD47D-FE43-48FA-93C0-90DDEB18B2EF}.Release|Any CPU.ActiveCfg = Release|Any CPU
		{AA1DD47D-FE43-48FA-93C0-90DDEB18B2EF}.Release|Any CPU.Build.0 = Release|Any CPU
		{AA1DD47D-FE43-48FA-93C0-90DDEB18B2EF}.Release|ARM.ActiveCfg = Release|Any CPU
		{AA1DD47D-FE43-48FA-93C0-90DDEB18B2EF}.Release|ARM.Build.0 = Release|Any CPU
		{AA1DD47D-FE43-48FA-93C0-90DDEB18B2EF}.Release|x64.ActiveCfg = Release|Any CPU
		{AA1DD47D-FE43-48FA-93C0-90DDEB18B2EF}.Release|x64.Build.0 = Release|Any CPU
		{AA1DD47D-FE43-48FA-93C0-90DDEB18B2EF}.Release|x86.ActiveCfg = Release|Any CPU
		{AA1DD47D-FE43-48FA-93C0-90DDEB18B2EF}.Release|x86.Build.0 = Release|Any CPU
	EndGlobalSection
	GlobalSection(SolutionProperties) = preSolution
		HideSolutionNode = FALSE
	EndGlobalSection
	GlobalSection(NestedProjects) = preSolution
		{D597E463-C61F-4C0B-8F4E-6A07896C11F4} = {34334B20-5E61-4DFE-8C68-27C01683AF75}
		{42689CC2-4490-424F-8F25-485DD5CA15F0} = {D631BE5E-F273-4485-A836-59B3141454E0}
	EndGlobalSection
EndGlobal
